
Microsoft Visual Studio Solution File, Format Version 12.00
# Visual Studio Version 17
VisualStudioVersion = 17.11.35222.181
MinimumVisualStudioVersion = 10.0.40219.1
Project("{FAE04EC0-301F-11D3-BF4B-00C04F79EFBC}") = "playlistmanager", "playlistmanager\playlistmanager.csproj", "{C77C59FF-05B9-417D-B818-5B81A495F90C}"
EndProject
Global
	GlobalSection(SolutionConfigurationPlatforms) = preSolution
		Debug|Any CPU = Debug|Any CPU
		Release|Any CPU = Release|Any CPU
	EndGlobalSection
	GlobalSection(ProjectConfigurationPlatforms) = postSolution
		{C77C59FF-05B9-417D-B818-5B81A495F90C}.Debug|Any CPU.ActiveCfg = Debug|Any CPU
		{C77C59FF-05B9-417D-B818-5B81A495F90C}.Debug|Any CPU.Build.0 = Debug|Any CPU
		{C77C59FF-05B9-417D-B818-5B81A495F90C}.Release|Any CPU.ActiveCfg = Release|Any CPU
		{C77C59FF-05B9-417D-B818-5B81A495F90C}.Release|Any CPU.Build.0 = Release|Any CPU
	EndGlobalSection
	GlobalSection(SolutionProperties) = preSolution
		HideSolutionNode = FALSE
	EndGlobalSection
	GlobalSection(ExtensibilityGlobals) = postSolution
		SolutionGuid = {6DF88296-AF3D-40E1-8703-E2DCD3A96FCB}
	EndGlobalSection
EndGlobal
